
Microsoft Visual Studio Solution File, Format Version 12.00
# Visual Studio Version 17
VisualStudioVersion = 17.6.33801.468
MinimumVisualStudioVersion = 10.0.40219.1
Project("{FAE04EC0-301F-11D3-BF4B-00C04F79EFBC}") = "TodoApi", "TodoApi\TodoApi.csproj", "{AD73797B-62B3-4894-A380-7A549E08ADFF}"
EndProject
Global
	GlobalSection(SolutionConfigurationPlatforms) = preSolution
		Debug|Any CPU = Debug|Any CPU
		Release|Any CPU = Release|Any CPU
	EndGlobalSection
	GlobalSection(ProjectConfigurationPlatforms) = postSolution
		{AD73797B-62B3-4894-A380-7A549E08ADFF}.Debug|Any CPU.ActiveCfg = Debug|Any CPU
		{AD73797B-62B3-4894-A380-7A549E08ADFF}.Debug|Any CPU.Build.0 = Debug|Any CPU
		{AD73797B-62B3-4894-A380-7A549E08ADFF}.Release|Any CPU.ActiveCfg = Release|Any CPU
		{AD73797B-62B3-4894-A380-7A549E08ADFF}.Release|Any CPU.Build.0 = Release|Any CPU
	EndGlobalSection
	GlobalSection(SolutionProperties) = preSolution
		HideSolutionNode = FALSE
	EndGlobalSection
	GlobalSection(ExtensibilityGlobals) = postSolution
		SolutionGuid = {1B2C76BC-73C8-4F4D-A0F9-4A1E63361129}
	EndGlobalSection
EndGlobal
